
Microsoft Visual Studio Solution File, Format Version 12.00
# Visual Studio Version 16
VisualStudioVersion = 16.0.30907.101
MinimumVisualStudioVersion = 10.0.40219.1
Project("{888888A0-9F3D-457C-B088-3A5042F75D52}") = "2.1.1.19", "2.1.1.19\2.1.1.19.pyproj", "{D7C731B7-8301-456F-B3DB-A66D4E742ED7}"
EndProject
Global
	GlobalSection(SolutionConfigurationPlatforms) = preSolution
		Debug|Any CPU = Debug|Any CPU
		Release|Any CPU = Release|Any CPU
	EndGlobalSection
	GlobalSection(ProjectConfigurationPlatforms) = postSolution
		{D7C731B7-8301-456F-B3DB-A66D4E742ED7}.Debug|Any CPU.ActiveCfg = Debug|Any CPU
		{D7C731B7-8301-456F-B3DB-A66D4E742ED7}.Release|Any CPU.ActiveCfg = Release|Any CPU
	EndGlobalSection
	GlobalSection(SolutionProperties) = preSolution
		HideSolutionNode = FALSE
	EndGlobalSection
	GlobalSection(ExtensibilityGlobals) = postSolution
		SolutionGuid = {391D6C33-0B1B-4C59-BF5C-062483FD2D50}
	EndGlobalSection
EndGlobal
